// !$*UTF8*$!
{
	archiveVersion = 1;
	classes = {
	};
	objectVersion = 56;
	objects = {

/* Begin PBXBuildFile section */
		1C5FE4552B60554E00286774 /* ThreadsCloneApp.swift in Sources */ = {isa = PBXBuildFile; fileRef = 1C5FE4542B60554E00286774 /* ThreadsCloneApp.swift */; };
		1C5FE4572B60554E00286774 /* ContentView.swift in Sources */ = {isa = PBXBuildFile; fileRef = 1C5FE4562B60554E00286774 /* ContentView.swift */; };
		1C5FE4592B60555000286774 /* Assets.xcassets in Resources */ = {isa = PBXBuildFile; fileRef = 1C5FE4582B60555000286774 /* Assets.xcassets */; };
		1C5FE45C2B60555000286774 /* Preview Assets.xcassets in Resources */ = {isa = PBXBuildFile; fileRef = 1C5FE45B2B60555000286774 /* Preview Assets.xcassets */; };
		1C5FE46C2B6059EF00286774 /* LoginView.swift in Sources */ = {isa = PBXBuildFile; fileRef = 1C5FE46B2B6059EF00286774 /* LoginView.swift */; };
		1C5FE46E2B605F2A00286774 /* RegistrationView.swift in Sources */ = {isa = PBXBuildFile; fileRef = 1C5FE46D2B605F2A00286774 /* RegistrationView.swift */; };
		1C5FE4712B6060D400286774 /* ThreadsTextFieldModifier.swift in Sources */ = {isa = PBXBuildFile; fileRef = 1C5FE4702B6060D400286774 /* ThreadsTextFieldModifier.swift */; };
		1C5FE4732B60644100286774 /* ThreadsButtonLabelModifier.swift in Sources */ = {isa = PBXBuildFile; fileRef = 1C5FE4722B60644100286774 /* ThreadsButtonLabelModifier.swift */; };
		1C5FE4762B61530000286774 /* ThreadsTabView.swift in Sources */ = {isa = PBXBuildFile; fileRef = 1C5FE4752B61530000286774 /* ThreadsTabView.swift */; };
		1C5FE47A2B61573200286774 /* FeedView.swift in Sources */ = {isa = PBXBuildFile; fileRef = 1C5FE4792B61573200286774 /* FeedView.swift */; };
		1C5FE47E2B61577B00286774 /* ExploreView.swift in Sources */ = {isa = PBXBuildFile; fileRef = 1C5FE47D2B61577B00286774 /* ExploreView.swift */; };
		1C5FE4822B61580100286774 /* CreateThreadView.swift in Sources */ = {isa = PBXBuildFile; fileRef = 1C5FE4812B61580100286774 /* CreateThreadView.swift */; };
		1C5FE4862B61584C00286774 /* ActivityView.swift in Sources */ = {isa = PBXBuildFile; fileRef = 1C5FE4852B61584C00286774 /* ActivityView.swift */; };
		1C5FE48A2B61588D00286774 /* ProfileView.swift in Sources */ = {isa = PBXBuildFile; fileRef = 1C5FE4892B61588D00286774 /* ProfileView.swift */; };
		1C5FE48C2B6159E000286774 /* ThreadCell.swift in Sources */ = {isa = PBXBuildFile; fileRef = 1C5FE48B2B6159E000286774 /* ThreadCell.swift */; };
		1C5FE48F2B6161F400286774 /* CircularProfileImageView.swift in Sources */ = {isa = PBXBuildFile; fileRef = 1C5FE48E2B6161F400286774 /* CircularProfileImageView.swift */; };
		1C5FE4912B61629F00286774 /* UserCell.swift in Sources */ = {isa = PBXBuildFile; fileRef = 1C5FE4902B61629F00286774 /* UserCell.swift */; };
/* End PBXBuildFile section */

/* Begin PBXFileReference section */
		1C5FE4512B60554E00286774 /* ThreadsClone.app */ = {isa = PBXFileReference; explicitFileType = wrapper.application; includeInIndex = 0; path = ThreadsClone.app; sourceTree = BUILT_PRODUCTS_DIR; };
		1C5FE4542B60554E00286774 /* ThreadsCloneApp.swift */ = {isa = PBXFileReference; lastKnownFileType = sourcecode.swift; path = ThreadsCloneApp.swift; sourceTree = "<group>"; };
		1C5FE4562B60554E00286774 /* ContentView.swift */ = {isa = PBXFileReference; lastKnownFileType = sourcecode.swift; path = ContentView.swift; sourceTree = "<group>"; };
		1C5FE4582B60555000286774 /* Assets.xcassets */ = {isa = PBXFileReference; lastKnownFileType = folder.assetcatalog; path = Assets.xcassets; sourceTree = "<group>"; };
		1C5FE45B2B60555000286774 /* Preview Assets.xcassets */ = {isa = PBXFileReference; lastKnownFileType = folder.assetcatalog; path = "Preview Assets.xcassets"; sourceTree = "<group>"; };
		1C5FE46B2B6059EF00286774 /* LoginView.swift */ = {isa = PBXFileReference; lastKnownFileType = sourcecode.swift; path = LoginView.swift; sourceTree = "<group>"; };
		1C5FE46D2B605F2A00286774 /* RegistrationView.swift */ = {isa = PBXFileReference; lastKnownFileType = sourcecode.swift; path = RegistrationView.swift; sourceTree = "<group>"; };
		1C5FE4702B6060D400286774 /* ThreadsTextFieldModifier.swift */ = {isa = PBXFileReference; lastKnownFileType = sourcecode.swift; path = ThreadsTextFieldModifier.swift; sourceTree = "<group>"; };
		1C5FE4722B60644100286774 /* ThreadsButtonLabelModifier.swift */ = {isa = PBXFileReference; lastKnownFileType = sourcecode.swift; path = ThreadsButtonLabelModifier.swift; sourceTree = "<group>"; };
		1C5FE4752B61530000286774 /* ThreadsTabView.swift */ = {isa = PBXFileReference; lastKnownFileType = sourcecode.swift; path = ThreadsTabView.swift; sourceTree = "<group>"; };
		1C5FE4792B61573200286774 /* FeedView.swift */ = {isa = PBXFileReference; lastKnownFileType = sourcecode.swift; path = FeedView.swift; sourceTree = "<group>"; };
		1C5FE47D2B61577B00286774 /* ExploreView.swift */ = {isa = PBXFileReference; lastKnownFileType = sourcecode.swift; path = ExploreView.swift; sourceTree = "<group>"; };
		1C5FE4812B61580100286774 /* CreateThreadView.swift */ = {isa = PBXFileReference; lastKnownFileType = sourcecode.swift; path = CreateThreadView.swift; sourceTree = "<group>"; };
		1C5FE4852B61584C00286774 /* ActivityView.swift */ = {isa = PBXFileReference; lastKnownFileType = sourcecode.swift; path = ActivityView.swift; sourceTree = "<group>"; };
		1C5FE4892B61588D00286774 /* ProfileView.swift */ = {isa = PBXFileReference; lastKnownFileType = sourcecode.swift; path = ProfileView.swift; sourceTree = "<group>"; };
		1C5FE48B2B6159E000286774 /* ThreadCell.swift */ = {isa = PBXFileReference; lastKnownFileType = sourcecode.swift; path = ThreadCell.swift; sourceTree = "<group>"; };
		1C5FE48E2B6161F400286774 /* CircularProfileImageView.swift */ = {isa = PBXFileReference; lastKnownFileType = sourcecode.swift; path = CircularProfileImageView.swift; sourceTree = "<group>"; };
		1C5FE4902B61629F00286774 /* UserCell.swift */ = {isa = PBXFileReference; lastKnownFileType = sourcecode.swift; path = UserCell.swift; sourceTree = "<group>"; };
/* End PBXFileReference section */

/* Begin PBXFrameworksBuildPhase section */
		1C5FE44E2B60554E00286774 /* Frameworks */ = {
			isa = PBXFrameworksBuildPhase;
			buildActionMask = 2147483647;
			files = (
			);
			runOnlyForDeploymentPostprocessing = 0;
		};
/* End PBXFrameworksBuildPhase section */

/* Begin PBXGroup section */
		1C5FE4482B60554E00286774 = {
			isa = PBXGroup;
			children = (
				1C5FE4532B60554E00286774 /* ThreadsClone */,
				1C5FE4522B60554E00286774 /* Products */,
			);
			sourceTree = "<group>";
		};
		1C5FE4522B60554E00286774 /* Products */ = {
			isa = PBXGroup;
			children = (
				1C5FE4512B60554E00286774 /* ThreadsClone.app */,
			);
			name = Products;
			sourceTree = "<group>";
		};
		1C5FE4532B60554E00286774 /* ThreadsClone */ = {
			isa = PBXGroup;
			children = (
				1C5FE4672B60558200286774 /* app */,
				1C5FE4662B60557700286774 /* core */,
				1C5FE4652B60557400286774 /* extensions */,
				1C5FE4642B60557100286774 /* model */,
				1C5FE4632B60556F00286774 /* services */,
				1C5FE4622B60555F00286774 /* utils */,
				1C5FE4582B60555000286774 /* Assets.xcassets */,
				1C5FE45A2B60555000286774 /* Preview Content */,
			);
			path = ThreadsClone;
			sourceTree = "<group>";
		};
		1C5FE45A2B60555000286774 /* Preview Content */ = {
			isa = PBXGroup;
			children = (
				1C5FE45B2B60555000286774 /* Preview Assets.xcassets */,
			);
			path = "Preview Content";
			sourceTree = "<group>";
		};
		1C5FE4622B60555F00286774 /* utils */ = {
			isa = PBXGroup;
			children = (
				1C5FE46F2B6060B500286774 /* viewModifiers */,
			);
			path = utils;
			sourceTree = "<group>";
		};
		1C5FE4632B60556F00286774 /* services */ = {
			isa = PBXGroup;
			children = (
			);
			path = services;
			sourceTree = "<group>";
		};
		1C5FE4642B60557100286774 /* model */ = {
			isa = PBXGroup;
			children = (
			);
			path = model;
			sourceTree = "<group>";
		};
		1C5FE4652B60557400286774 /* extensions */ = {
			isa = PBXGroup;
			children = (
			);
			path = extensions;
			sourceTree = "<group>";
		};
		1C5FE4662B60557700286774 /* core */ = {
			isa = PBXGroup;
			children = (
				1C5FE48D2B6161D900286774 /* components */,
				1C5FE4832B61582800286774 /* activity */,
				1C5FE4692B6055C600286774 /* authentication */,
				1C5FE47B2B61576600286774 /* explore */,
				1C5FE4772B61571700286774 /* feed */,
				1C5FE4872B61587700286774 /* profile */,
				1C5FE4682B6055BF00286774 /* root */,
				1C5FE4742B6152E100286774 /* tabBar */,
				1C5FE47F2B6157CF00286774 /* threadCreation */,
			);
			path = core;
			sourceTree = "<group>";
		};
		1C5FE4672B60558200286774 /* app */ = {
			isa = PBXGroup;
			children = (
				1C5FE4542B60554E00286774 /* ThreadsCloneApp.swift */,
			);
			path = app;
			sourceTree = "<group>";
		};
		1C5FE4682B6055BF00286774 /* root */ = {
			isa = PBXGroup;
			children = (
				1C5FE4562B60554E00286774 /* ContentView.swift */,
			);
			path = root;
			sourceTree = "<group>";
		};
		1C5FE4692B6055C600286774 /* authentication */ = {
			isa = PBXGroup;
			children = (
				1C5FE46A2B6059B300286774 /* views */,
			);
			path = authentication;
			sourceTree = "<group>";
		};
		1C5FE46A2B6059B300286774 /* views */ = {
			isa = PBXGroup;
			children = (
				1C5FE46B2B6059EF00286774 /* LoginView.swift */,
				1C5FE46D2B605F2A00286774 /* RegistrationView.swift */,
			);
			path = views;
			sourceTree = "<group>";
		};
		1C5FE46F2B6060B500286774 /* viewModifiers */ = {
			isa = PBXGroup;
			children = (
				1C5FE4702B6060D400286774 /* ThreadsTextFieldModifier.swift */,
				1C5FE4722B60644100286774 /* ThreadsButtonLabelModifier.swift */,
			);
			path = viewModifiers;
			sourceTree = "<group>";
		};
		1C5FE4742B6152E100286774 /* tabBar */ = {
			isa = PBXGroup;
			children = (
				1C5FE4752B61530000286774 /* ThreadsTabView.swift */,
			);
			path = tabBar;
			sourceTree = "<group>";
		};
		1C5FE4772B61571700286774 /* feed */ = {
			isa = PBXGroup;
			children = (
				1C5FE4782B61572100286774 /* view */,
			);
			path = feed;
			sourceTree = "<group>";
		};
		1C5FE4782B61572100286774 /* view */ = {
			isa = PBXGroup;
			children = (
				1C5FE4792B61573200286774 /* FeedView.swift */,
				1C5FE48B2B6159E000286774 /* ThreadCell.swift */,
			);
			path = view;
			sourceTree = "<group>";
		};
		1C5FE47B2B61576600286774 /* explore */ = {
			isa = PBXGroup;
			children = (
				1C5FE47C2B61576E00286774 /* view */,
			);
			path = explore;
			sourceTree = "<group>";
		};
		1C5FE47C2B61576E00286774 /* view */ = {
			isa = PBXGroup;
			children = (
				1C5FE47D2B61577B00286774 /* ExploreView.swift */,
			);
			path = view;
			sourceTree = "<group>";
		};
		1C5FE47F2B6157CF00286774 /* threadCreation */ = {
			isa = PBXGroup;
			children = (
				1C5FE4802B6157F200286774 /* view */,
			);
			path = threadCreation;
			sourceTree = "<group>";
		};
		1C5FE4802B6157F200286774 /* view */ = {
			isa = PBXGroup;
			children = (
				1C5FE4812B61580100286774 /* CreateThreadView.swift */,
			);
			path = view;
			sourceTree = "<group>";
		};
		1C5FE4832B61582800286774 /* activity */ = {
			isa = PBXGroup;
			children = (
				1C5FE4842B61583700286774 /* view */,
			);
			path = activity;
			sourceTree = "<group>";
		};
		1C5FE4842B61583700286774 /* view */ = {
			isa = PBXGroup;
			children = (
				1C5FE4852B61584C00286774 /* ActivityView.swift */,
			);
			path = view;
			sourceTree = "<group>";
		};
		1C5FE4872B61587700286774 /* profile */ = {
			isa = PBXGroup;
			children = (
				1C5FE4882B61588300286774 /* view */,
			);
			path = profile;
			sourceTree = "<group>";
		};
		1C5FE4882B61588300286774 /* view */ = {
			isa = PBXGroup;
			children = (
				1C5FE4892B61588D00286774 /* ProfileView.swift */,
			);
			path = view;
			sourceTree = "<group>";
		};
		1C5FE48D2B6161D900286774 /* components */ = {
			isa = PBXGroup;
			children = (
				1C5FE48E2B6161F400286774 /* CircularProfileImageView.swift */,
				1C5FE4902B61629F00286774 /* UserCell.swift */,
			);
			path = components;
			sourceTree = "<group>";
		};
/* End PBXGroup section */

/* Begin PBXNativeTarget section */
		1C5FE4502B60554E00286774 /* ThreadsClone */ = {
			isa = PBXNativeTarget;
			buildConfigurationList = 1C5FE45F2B60555000286774 /* Build configuration list for PBXNativeTarget "ThreadsClone" */;
			buildPhases = (
				1C5FE44D2B60554E00286774 /* Sources */,
				1C5FE44E2B60554E00286774 /* Frameworks */,
				1C5FE44F2B60554E00286774 /* Resources */,
			);
			buildRules = (
			);
			dependencies = (
			);
			name = ThreadsClone;
			productName = ThreadsClone;
			productReference = 1C5FE4512B60554E00286774 /* ThreadsClone.app */;
			productType = "com.apple.product-type.application";
		};
/* End PBXNativeTarget section */

/* Begin PBXProject section */
		1C5FE4492B60554E00286774 /* Project object */ = {
			isa = PBXProject;
			attributes = {
				BuildIndependentTargetsInParallel = 1;
				LastSwiftUpdateCheck = 1500;
				LastUpgradeCheck = 1500;
				TargetAttributes = {
					1C5FE4502B60554E00286774 = {
						CreatedOnToolsVersion = 15.0.1;
					};
				};
			};
			buildConfigurationList = 1C5FE44C2B60554E00286774 /* Build configuration list for PBXProject "ThreadsClone" */;
			compatibilityVersion = "Xcode 14.0";
			developmentRegion = en;
			hasScannedForEncodings = 0;
			knownRegions = (
				en,
				Base,
			);
			mainGroup = 1C5FE4482B60554E00286774;
			productRefGroup = 1C5FE4522B60554E00286774 /* Products */;
			projectDirPath = "";
			projectRoot = "";
			targets = (
				1C5FE4502B60554E00286774 /* ThreadsClone */,
			);
		};
/* End PBXProject section */

/* Begin PBXResourcesBuildPhase section */
		1C5FE44F2B60554E00286774 /* Resources */ = {
			isa = PBXResourcesBuildPhase;
			buildActionMask = 2147483647;
			files = (
				1C5FE45C2B60555000286774 /* Preview Assets.xcassets in Resources */,
				1C5FE4592B60555000286774 /* Assets.xcassets in Resources */,
			);
			runOnlyForDeploymentPostprocessing = 0;
		};
/* End PBXResourcesBuildPhase section */

/* Begin PBXSourcesBuildPhase section */
		1C5FE44D2B60554E00286774 /* Sources */ = {
			isa = PBXSourcesBuildPhase;
			buildActionMask = 2147483647;
			files = (
				1C5FE4862B61584C00286774 /* ActivityView.swift in Sources */,
				1C5FE4822B61580100286774 /* CreateThreadView.swift in Sources */,
				1C5FE47A2B61573200286774 /* FeedView.swift in Sources */,
				1C5FE47E2B61577B00286774 /* ExploreView.swift in Sources */,
				1C5FE48A2B61588D00286774 /* ProfileView.swift in Sources */,
				1C5FE46C2B6059EF00286774 /* LoginView.swift in Sources */,
				1C5FE4762B61530000286774 /* ThreadsTabView.swift in Sources */,
				1C5FE48F2B6161F400286774 /* CircularProfileImageView.swift in Sources */,
				1C5FE4912B61629F00286774 /* UserCell.swift in Sources */,
				1C5FE4572B60554E00286774 /* ContentView.swift in Sources */,
				1C5FE48C2B6159E000286774 /* ThreadCell.swift in Sources */,
				1C5FE4712B6060D400286774 /* ThreadsTextFieldModifier.swift in Sources */,
				1C5FE4552B60554E00286774 /* ThreadsCloneApp.swift in Sources */,
				1C5FE4732B60644100286774 /* ThreadsButtonLabelModifier.swift in Sources */,
				1C5FE46E2B605F2A00286774 /* RegistrationView.swift in Sources */,
			);
			runOnlyForDeploymentPostprocessing = 0;
		};
/* End PBXSourcesBuildPhase section */

/* Begin XCBuildConfiguration section */
		1C5FE45D2B60555000286774 /* Debug */ = {
			isa = XCBuildConfiguration;
			buildSettings = {
				ALWAYS_SEARCH_USER_PATHS = NO;
				ASSETCATALOG_COMPILER_GENERATE_SWIFT_ASSET_SYMBOL_EXTENSIONS = YES;
				CLANG_ANALYZER_NONNULL = YES;
				CLANG_ANALYZER_NUMBER_OBJECT_CONVERSION = YES_AGGRESSIVE;
				CLANG_CXX_LANGUAGE_STANDARD = "gnu++20";
				CLANG_ENABLE_MODULES = YES;
				CLANG_ENABLE_OBJC_ARC = YES;
				CLANG_ENABLE_OBJC_WEAK = YES;
				CLANG_WARN_BLOCK_CAPTURE_AUTORELEASING = YES;
				CLANG_WARN_BOOL_CONVERSION = YES;
				CLANG_WARN_COMMA = YES;
				CLANG_WARN_CONSTANT_CONVERSION = YES;
				CLANG_WARN_DEPRECATED_OBJC_IMPLEMENTATIONS = YES;
				CLANG_WARN_DIRECT_OBJC_ISA_USAGE = YES_ERROR;
				CLANG_WARN_DOCUMENTATION_COMMENTS = YES;
				CLANG_WARN_EMPTY_BODY = YES;
				CLANG_WARN_ENUM_CONVERSION = YES;
				CLANG_WARN_INFINITE_RECURSION = YES;
				CLANG_WARN_INT_CONVERSION = YES;
				CLANG_WARN_NON_LITERAL_NULL_CONVERSION = YES;
				CLANG_WARN_OBJC_IMPLICIT_RETAIN_SELF = YES;
				CLANG_WARN_OBJC_LITERAL_CONVERSION = YES;
				CLANG_WARN_OBJC_ROOT_CLASS = YES_ERROR;
				CLANG_WARN_QUOTED_INCLUDE_IN_FRAMEWORK_HEADER = YES;
				CLANG_WARN_RANGE_LOOP_ANALYSIS = YES;
				CLANG_WARN_STRICT_PROTOTYPES = YES;
				CLANG_WARN_SUSPICIOUS_MOVE = YES;
				CLANG_WARN_UNGUARDED_AVAILABILITY = YES_AGGRESSIVE;
				CLANG_WARN_UNREACHABLE_CODE = YES;
				CLANG_WARN__DUPLICATE_METHOD_MATCH = YES;
				COPY_PHASE_STRIP = NO;
				DEBUG_INFORMATION_FORMAT = dwarf;
				ENABLE_STRICT_OBJC_MSGSEND = YES;
				ENABLE_TESTABILITY = YES;
				ENABLE_USER_SCRIPT_SANDBOXING = YES;
				GCC_C_LANGUAGE_STANDARD = gnu17;
				GCC_DYNAMIC_NO_PIC = NO;
				GCC_NO_COMMON_BLOCKS = YES;
				GCC_OPTIMIZATION_LEVEL = 0;
				GCC_PREPROCESSOR_DEFINITIONS = (
					"DEBUG=1",
					"$(inherited)",
				);
				GCC_WARN_64_TO_32_BIT_CONVERSION = YES;
				GCC_WARN_ABOUT_RETURN_TYPE = YES_ERROR;
				GCC_WARN_UNDECLARED_SELECTOR = YES;
				GCC_WARN_UNINITIALIZED_AUTOS = YES_AGGRESSIVE;
				GCC_WARN_UNUSED_FUNCTION = YES;
				GCC_WARN_UNUSED_VARIABLE = YES;
				IPHONEOS_DEPLOYMENT_TARGET = 17.0;
				LOCALIZATION_PREFERS_STRING_CATALOGS = YES;
				MTL_ENABLE_DEBUG_INFO = INCLUDE_SOURCE;
				MTL_FAST_MATH = YES;
				ONLY_ACTIVE_ARCH = YES;
				SDKROOT = iphoneos;
				SWIFT_ACTIVE_COMPILATION_CONDITIONS = "DEBUG $(inherited)";
				SWIFT_OPTIMIZATION_LEVEL = "-Onone";
			};
			name = Debug;
		};
		1C5FE45E2B60555000286774 /* Release */ = {
			isa = XCBuildConfiguration;
			buildSettings = {
				ALWAYS_SEARCH_USER_PATHS = NO;
				ASSETCATALOG_COMPILER_GENERATE_SWIFT_ASSET_SYMBOL_EXTENSIONS = YES;
				CLANG_ANALYZER_NONNULL = YES;
				CLANG_ANALYZER_NUMBER_OBJECT_CONVERSION = YES_AGGRESSIVE;
				CLANG_CXX_LANGUAGE_STANDARD = "gnu++20";
				CLANG_ENABLE_MODULES = YES;
				CLANG_ENABLE_OBJC_ARC = YES;
				CLANG_ENABLE_OBJC_WEAK = YES;
				CLANG_WARN_BLOCK_CAPTURE_AUTORELEASING = YES;
				CLANG_WARN_BOOL_CONVERSION = YES;
				CLANG_WARN_COMMA = YES;
				CLANG_WARN_CONSTANT_CONVERSION = YES;
				CLANG_WARN_DEPRECATED_OBJC_IMPLEMENTATIONS = YES;
				CLANG_WARN_DIRECT_OBJC_ISA_USAGE = YES_ERROR;
				CLANG_WARN_DOCUMENTATION_COMMENTS = YES;
				CLANG_WARN_EMPTY_BODY = YES;
				CLANG_WARN_ENUM_CONVERSION = YES;
				CLANG_WARN_INFINITE_RECURSION = YES;
				CLANG_WARN_INT_CONVERSION = YES;
				CLANG_WARN_NON_LITERAL_NULL_CONVERSION = YES;
				CLANG_WARN_OBJC_IMPLICIT_RETAIN_SELF = YES;
				CLANG_WARN_OBJC_LITERAL_CONVERSION = YES;
				CLANG_WARN_OBJC_ROOT_CLASS = YES_ERROR;
				CLANG_WARN_QUOTED_INCLUDE_IN_FRAMEWORK_HEADER = YES;
				CLANG_WARN_RANGE_LOOP_ANALYSIS = YES;
				CLANG_WARN_STRICT_PROTOTYPES = YES;
				CLANG_WARN_SUSPICIOUS_MOVE = YES;
				CLANG_WARN_UNGUARDED_AVAILABILITY = YES_AGGRESSIVE;
				CLANG_WARN_UNREACHABLE_CODE = YES;
				CLANG_WARN__DUPLICATE_METHOD_MATCH = YES;
				COPY_PHASE_STRIP = NO;
				DEBUG_INFORMATION_FORMAT = "dwarf-with-dsym";
				ENABLE_NS_ASSERTIONS = NO;
				ENABLE_STRICT_OBJC_MSGSEND = YES;
				ENABLE_USER_SCRIPT_SANDBOXING = YES;
				GCC_C_LANGUAGE_STANDARD = gnu17;
				GCC_NO_COMMON_BLOCKS = YES;
				GCC_WARN_64_TO_32_BIT_CONVERSION = YES;
				GCC_WARN_ABOUT_RETURN_TYPE = YES_ERROR;
				GCC_WARN_UNDECLARED_SELECTOR = YES;
				GCC_WARN_UNINITIALIZED_AUTOS = YES_AGGRESSIVE;
				GCC_WARN_UNUSED_FUNCTION = YES;
				GCC_WARN_UNUSED_VARIABLE = YES;
				IPHONEOS_DEPLOYMENT_TARGET = 17.0;
				LOCALIZATION_PREFERS_STRING_CATALOGS = YES;
				MTL_ENABLE_DEBUG_INFO = NO;
				MTL_FAST_MATH = YES;
				SDKROOT = iphoneos;
				SWIFT_COMPILATION_MODE = wholemodule;
				VALIDATE_PRODUCT = YES;
			};
			name = Release;
		};
		1C5FE4602B60555000286774 /* Debug */ = {
			isa = XCBuildConfiguration;
			buildSettings = {
				ASSETCATALOG_COMPILER_APPICON_NAME = AppIcon;
				ASSETCATALOG_COMPILER_GLOBAL_ACCENT_COLOR_NAME = AccentColor;
				CODE_SIGN_STYLE = Automatic;
				CURRENT_PROJECT_VERSION = 1;
				DEVELOPMENT_ASSET_PATHS = "\"ThreadsClone/Preview Content\"";
				DEVELOPMENT_TEAM = 54M6VWH583;
				ENABLE_PREVIEWS = YES;
				GENERATE_INFOPLIST_FILE = YES;
				INFOPLIST_KEY_UIApplicationSceneManifest_Generation = YES;
				INFOPLIST_KEY_UIApplicationSupportsIndirectInputEvents = YES;
				INFOPLIST_KEY_UILaunchScreen_Generation = YES;
				INFOPLIST_KEY_UISupportedInterfaceOrientations_iPad = "UIInterfaceOrientationPortrait UIInterfaceOrientationPortraitUpsideDown UIInterfaceOrientationLandscapeLeft UIInterfaceOrientationLandscapeRight";
				INFOPLIST_KEY_UISupportedInterfaceOrientations_iPhone = "UIInterfaceOrientationPortrait UIInterfaceOrientationLandscapeLeft UIInterfaceOrientationLandscapeRight";
				LD_RUNPATH_SEARCH_PATHS = (
					"$(inherited)",
					"@executable_path/Frameworks",
				);
				MARKETING_VERSION = 1.0;
				PRODUCT_BUNDLE_IDENTIFIER = com.ahmethakan.ThreadsClone;
				PRODUCT_NAME = "$(TARGET_NAME)";
				SWIFT_EMIT_LOC_STRINGS = YES;
				SWIFT_VERSION = 5.0;
				TARGETED_DEVICE_FAMILY = "1,2";
			};
			name = Debug;
		};
		1C5FE4612B60555000286774 /* Release */ = {
			isa = XCBuildConfiguration;
			buildSettings = {
				ASSETCATALOG_COMPILER_APPICON_NAME = AppIcon;
				ASSETCATALOG_COMPILER_GLOBAL_ACCENT_COLOR_NAME = AccentColor;
				CODE_SIGN_STYLE = Automatic;
				CURRENT_PROJECT_VERSION = 1;
				DEVELOPMENT_ASSET_PATHS = "\"ThreadsClone/Preview Content\"";
				DEVELOPMENT_TEAM = 54M6VWH583;
				ENABLE_PREVIEWS = YES;
				GENERATE_INFOPLIST_FILE = YES;
				INFOPLIST_KEY_UIApplicationSceneManifest_Generation = YES;
				INFOPLIST_KEY_UIApplicationSupportsIndirectInputEvents = YES;
				INFOPLIST_KEY_UILaunchScreen_Generation = YES;
				INFOPLIST_KEY_UISupportedInterfaceOrientations_iPad = "UIInterfaceOrientationPortrait UIInterfaceOrientationPortraitUpsideDown UIInterfaceOrientationLandscapeLeft UIInterfaceOrientationLandscapeRight";
				INFOPLIST_KEY_UISupportedInterfaceOrientations_iPhone = "UIInterfaceOrientationPortrait UIInterfaceOrientationLandscapeLeft UIInterfaceOrientationLandscapeRight";
				LD_RUNPATH_SEARCH_PATHS = (
					"$(inherited)",
					"@executable_path/Frameworks",
				);
				MARKETING_VERSION = 1.0;
				PRODUCT_BUNDLE_IDENTIFIER = com.ahmethakan.ThreadsClone;
				PRODUCT_NAME = "$(TARGET_NAME)";
				SWIFT_EMIT_LOC_STRINGS = YES;
				SWIFT_VERSION = 5.0;
				TARGETED_DEVICE_FAMILY = "1,2";
			};
			name = Release;
		};
/* End XCBuildConfiguration section */

/* Begin XCConfigurationList section */
		1C5FE44C2B60554E00286774 /* Build configuration list for PBXProject "ThreadsClone" */ = {
			isa = XCConfigurationList;
			buildConfigurations = (
				1C5FE45D2B60555000286774 /* Debug */,
				1C5FE45E2B60555000286774 /* Release */,
			);
			defaultConfigurationIsVisible = 0;
			defaultConfigurationName = Release;
		};
		1C5FE45F2B60555000286774 /* Build configuration list for PBXNativeTarget "ThreadsClone" */ = {
			isa = XCConfigurationList;
			buildConfigurations = (
				1C5FE4602B60555000286774 /* Debug */,
				1C5FE4612B60555000286774 /* Release */,
			);
			defaultConfigurationIsVisible = 0;
			defaultConfigurationName = Release;
		};
/* End XCConfigurationList section */
	};
	rootObject = 1C5FE4492B60554E00286774 /* Project object */;
}
